
Microsoft Visual Studio Solution File, Format Version 12.00
# Visual Studio Version 17
VisualStudioVersion = 17.4.33110.190
MinimumVisualStudioVersion = 10.0.40219.1
Project("{9A19103F-16F7-4668-BE54-9A1E7A4F7556}") = "PopovaPolinaOZKT-42-21", "PopovaPolinaOZKT-42-21\PopovaPolinaOZKT-42-21.csproj", "{006FAF8B-4864-4E52-BD4F-4CCABC543FCA}"
EndProject
Project("{FAE04EC0-301F-11D3-BF4B-00C04F79EFBC}") = "PopovaPolinaOZKT-42-21.Tests2", "PopovaPolinaOZKT-42-21.Tests2\PopovaPolinaOZKT-42-21.Tests2.csproj", "{307FF524-03A0-44DF-8CCB-AB546993DB72}"
EndProject
Global
	GlobalSection(SolutionConfigurationPlatforms) = preSolution
		Debug|Any CPU = Debug|Any CPU
		Release|Any CPU = Release|Any CPU
	EndGlobalSection
	GlobalSection(ProjectConfigurationPlatforms) = postSolution
		{006FAF8B-4864-4E52-BD4F-4CCABC543FCA}.Debug|Any CPU.ActiveCfg = Debug|Any CPU
		{006FAF8B-4864-4E52-BD4F-4CCABC543FCA}.Debug|Any CPU.Build.0 = Debug|Any CPU
		{006FAF8B-4864-4E52-BD4F-4CCABC543FCA}.Release|Any CPU.ActiveCfg = Release|Any CPU
		{006FAF8B-4864-4E52-BD4F-4CCABC543FCA}.Release|Any CPU.Build.0 = Release|Any CPU
		{307FF524-03A0-44DF-8CCB-AB546993DB72}.Debug|Any CPU.ActiveCfg = Debug|Any CPU
		{307FF524-03A0-44DF-8CCB-AB546993DB72}.Debug|Any CPU.Build.0 = Debug|Any CPU
		{307FF524-03A0-44DF-8CCB-AB546993DB72}.Release|Any CPU.ActiveCfg = Release|Any CPU
		{307FF524-03A0-44DF-8CCB-AB546993DB72}.Release|Any CPU.Build.0 = Release|Any CPU
	EndGlobalSection
	GlobalSection(SolutionProperties) = preSolution
		HideSolutionNode = FALSE
	EndGlobalSection
	GlobalSection(ExtensibilityGlobals) = postSolution
		SolutionGuid = {44FAFB02-B74F-4187-BAF1-A6247269E908}
	EndGlobalSection
EndGlobal
